<Solution>
  <Project Path="DOMAIN/DOMAIN.csproj" />
  <Project Path="Excecoes/EXCECOES.csproj" Id="68f73b0a-a688-41ad-8ab3-feb9a8bfe5c3" />
  <Project Path="REPOSITORY/REPOSITORY.csproj" />
  <Project Path="SERVICE/SERVICE.csproj" />
  <Project Path="WEB/WEB.csproj" />
  <Project Path="WEB_API/WEB_API.csproj" Id="661e0877-3b08-4532-894d-8fab9b2d6395" />
</Solution>
